
Microsoft Visual Studio Solution File, Format Version 12.00
# Visual Studio Version 16
VisualStudioVersion = 16.0.31729.503
MinimumVisualStudioVersion = 10.0.40219.1
Project("{FAE04EC0-301F-11D3-BF4B-00C04F79EFBC}") = "HardwareWarehouseManagementSystem", "HardwareWarehouseManagementSystem\HardwareWarehouseManagementSystem.csproj", "{5E6C1FA9-0A65-42F0-A773-144DE2A546ED}"
EndProject
Project("{FAE04EC0-301F-11D3-BF4B-00C04F79EFBC}") = "WarehouseManagementSystemAPI", "WarehouseManagementSystemAPI\WarehouseManagementSystemAPI.csproj", "{B306DA4B-851C-4C7D-8860-D3D99086C623}"
EndProject
Global
	GlobalSection(SolutionConfigurationPlatforms) = preSolution
		Debug|Any CPU = Debug|Any CPU
		Release|Any CPU = Release|Any CPU
	EndGlobalSection
	GlobalSection(ProjectConfigurationPlatforms) = postSolution
		{5E6C1FA9-0A65-42F0-A773-144DE2A546ED}.Debug|Any CPU.ActiveCfg = Debug|Any CPU
		{5E6C1FA9-0A65-42F0-A773-144DE2A546ED}.Debug|Any CPU.Build.0 = Debug|Any CPU
		{5E6C1FA9-0A65-42F0-A773-144DE2A546ED}.Release|Any CPU.ActiveCfg = Release|Any CPU
		{5E6C1FA9-0A65-42F0-A773-144DE2A546ED}.Release|Any CPU.Build.0 = Release|Any CPU
		{B306DA4B-851C-4C7D-8860-D3D99086C623}.Debug|Any CPU.ActiveCfg = Debug|Any CPU
		{B306DA4B-851C-4C7D-8860-D3D99086C623}.Debug|Any CPU.Build.0 = Debug|Any CPU
		{B306DA4B-851C-4C7D-8860-D3D99086C623}.Release|Any CPU.ActiveCfg = Release|Any CPU
		{B306DA4B-851C-4C7D-8860-D3D99086C623}.Release|Any CPU.Build.0 = Release|Any CPU
	EndGlobalSection
	GlobalSection(SolutionProperties) = preSolution
		HideSolutionNode = FALSE
	EndGlobalSection
	GlobalSection(ExtensibilityGlobals) = postSolution
		SolutionGuid = {0C2C2F85-CB95-4C58-A185-7C73B843405C}
	EndGlobalSection
EndGlobal
