
Microsoft Visual Studio Solution File, Format Version 12.00
# Visual Studio Version 16
VisualStudioVersion = 16.0.31729.503
MinimumVisualStudioVersion = 10.0.40219.1
Project("{FAE04EC0-301F-11D3-BF4B-00C04F79EFBC}") = "ThermostatEventsApp", "ThermostatEventsApp\ThermostatEventsApp.csproj", "{CA5EED64-2FE4-4FB8-BC34-8FBC0A05EABD}"
EndProject
Global
	GlobalSection(SolutionConfigurationPlatforms) = preSolution
		Debug|Any CPU = Debug|Any CPU
		Release|Any CPU = Release|Any CPU
	EndGlobalSection
	GlobalSection(ProjectConfigurationPlatforms) = postSolution
		{CA5EED64-2FE4-4FB8-BC34-8FBC0A05EABD}.Debug|Any CPU.ActiveCfg = Debug|Any CPU
		{CA5EED64-2FE4-4FB8-BC34-8FBC0A05EABD}.Debug|Any CPU.Build.0 = Debug|Any CPU
		{CA5EED64-2FE4-4FB8-BC34-8FBC0A05EABD}.Release|Any CPU.ActiveCfg = Release|Any CPU
		{CA5EED64-2FE4-4FB8-BC34-8FBC0A05EABD}.Release|Any CPU.Build.0 = Release|Any CPU
	EndGlobalSection
	GlobalSection(SolutionProperties) = preSolution
		HideSolutionNode = FALSE
	EndGlobalSection
	GlobalSection(ExtensibilityGlobals) = postSolution
		SolutionGuid = {2154325A-0C9F-46A1-A0FA-60BC2F98DB1E}
	EndGlobalSection
EndGlobal
